
Microsoft Visual Studio Solution File, Format Version 12.00
# Visual Studio Version 17
VisualStudioVersion = 17.0.31903.59
MinimumVisualStudioVersion = 10.0.40219.1
Project("{2150E333-8FDC-42A3-9474-1A3956D46DE8}") = "src", "src", "{827E0CD3-B72D-47B6-A68D-7590B98EB39B}"
EndProject
Project("{FAE04EC0-301F-11D3-BF4B-00C04F79EFBC}") = "Api", "src\Api\Api.csproj", "{B383954C-3243-42DD-A80A-78DEB549AED1}"
EndProject
Project("{FAE04EC0-301F-11D3-BF4B-00C04F79EFBC}") = "Worker", "src\Worker\Worker.csproj", "{16722B27-FB93-424D-9C3E-418647EFF3D0}"
EndProject
Project("{FAE04EC0-301F-11D3-BF4B-00C04F79EFBC}") = "Domain", "src\Domain\Domain.csproj", "{EDE18C8A-8395-4C37-B1A1-30236BD55D32}"
EndProject
Project("{FAE04EC0-301F-11D3-BF4B-00C04F79EFBC}") = "Application", "src\Application\Application.csproj", "{C9D2CDC0-F8CD-4FEC-96B9-CED6FEB5268B}"
EndProject
Project("{FAE04EC0-301F-11D3-BF4B-00C04F79EFBC}") = "Infrastructure", "src\Infrastructure\Infrastructure.csproj", "{7F9CF3B8-E20E-42CC-B7ED-9B431DA32020}"
EndProject
Global
	GlobalSection(SolutionConfigurationPlatforms) = preSolution
		Debug|Any CPU = Debug|Any CPU
		Debug|x64 = Debug|x64
		Debug|x86 = Debug|x86
		Release|Any CPU = Release|Any CPU
		Release|x64 = Release|x64
		Release|x86 = Release|x86
	EndGlobalSection
	GlobalSection(ProjectConfigurationPlatforms) = postSolution
		{B383954C-3243-42DD-A80A-78DEB549AED1}.Debug|Any CPU.ActiveCfg = Debug|Any CPU
		{B383954C-3243-42DD-A80A-78DEB549AED1}.Debug|Any CPU.Build.0 = Debug|Any CPU
		{B383954C-3243-42DD-A80A-78DEB549AED1}.Debug|x64.ActiveCfg = Debug|Any CPU
		{B383954C-3243-42DD-A80A-78DEB549AED1}.Debug|x64.Build.0 = Debug|Any CPU
		{B383954C-3243-42DD-A80A-78DEB549AED1}.Debug|x86.ActiveCfg = Debug|Any CPU
		{B383954C-3243-42DD-A80A-78DEB549AED1}.Debug|x86.Build.0 = Debug|Any CPU
		{B383954C-3243-42DD-A80A-78DEB549AED1}.Release|Any CPU.ActiveCfg = Release|Any CPU
		{B383954C-3243-42DD-A80A-78DEB549AED1}.Release|Any CPU.Build.0 = Release|Any CPU
		{B383954C-3243-42DD-A80A-78DEB549AED1}.Release|x64.ActiveCfg = Release|Any CPU
		{B383954C-3243-42DD-A80A-78DEB549AED1}.Release|x64.Build.0 = Release|Any CPU
		{B383954C-3243-42DD-A80A-78DEB549AED1}.Release|x86.ActiveCfg = Release|Any CPU
		{B383954C-3243-42DD-A80A-78DEB549AED1}.Release|x86.Build.0 = Release|Any CPU
		{16722B27-FB93-424D-9C3E-418647EFF3D0}.Debug|Any CPU.ActiveCfg = Debug|Any CPU
		{16722B27-FB93-424D-9C3E-418647EFF3D0}.Debug|Any CPU.Build.0 = Debug|Any CPU
		{16722B27-FB93-424D-9C3E-418647EFF3D0}.Debug|x64.ActiveCfg = Debug|Any CPU
		{16722B27-FB93-424D-9C3E-418647EFF3D0}.Debug|x64.Build.0 = Debug|Any CPU
		{16722B27-FB93-424D-9C3E-418647EFF3D0}.Debug|x86.ActiveCfg = Debug|Any CPU
		{16722B27-FB93-424D-9C3E-418647EFF3D0}.Debug|x86.Build.0 = Debug|Any CPU
		{16722B27-FB93-424D-9C3E-418647EFF3D0}.Release|Any CPU.ActiveCfg = Release|Any CPU
		{16722B27-FB93-424D-9C3E-418647EFF3D0}.Release|Any CPU.Build.0 = Release|Any CPU
		{16722B27-FB93-424D-9C3E-418647EFF3D0}.Release|x64.ActiveCfg = Release|Any CPU
		{16722B27-FB93-424D-9C3E-418647EFF3D0}.Release|x64.Build.0 = Release|Any CPU
		{16722B27-FB93-424D-9C3E-418647EFF3D0}.Release|x86.ActiveCfg = Release|Any CPU
		{16722B27-FB93-424D-9C3E-418647EFF3D0}.Release|x86.Build.0 = Release|Any CPU
		{EDE18C8A-8395-4C37-B1A1-30236BD55D32}.Debug|Any CPU.ActiveCfg = Debug|Any CPU
		{EDE18C8A-8395-4C37-B1A1-30236BD55D32}.Debug|Any CPU.Build.0 = Debug|Any CPU
		{EDE18C8A-8395-4C37-B1A1-30236BD55D32}.Debug|x64.ActiveCfg = Debug|Any CPU
		{EDE18C8A-8395-4C37-B1A1-30236BD55D32}.Debug|x64.Build.0 = Debug|Any CPU
		{EDE18C8A-8395-4C37-B1A1-30236BD55D32}.Debug|x86.ActiveCfg = Debug|Any CPU
		{EDE18C8A-8395-4C37-B1A1-30236BD55D32}.Debug|x86.Build.0 = Debug|Any CPU
		{EDE18C8A-8395-4C37-B1A1-30236BD55D32}.Release|Any CPU.ActiveCfg = Release|Any CPU
		{EDE18C8A-8395-4C37-B1A1-30236BD55D32}.Release|Any CPU.Build.0 = Release|Any CPU
		{EDE18C8A-8395-4C37-B1A1-30236BD55D32}.Release|x64.ActiveCfg = Release|Any CPU
		{EDE18C8A-8395-4C37-B1A1-30236BD55D32}.Release|x64.Build.0 = Release|Any CPU
		{EDE18C8A-8395-4C37-B1A1-30236BD55D32}.Release|x86.ActiveCfg = Release|Any CPU
		{EDE18C8A-8395-4C37-B1A1-30236BD55D32}.Release|x86.Build.0 = Release|Any CPU
		{C9D2CDC0-F8CD-4FEC-96B9-CED6FEB5268B}.Debug|Any CPU.ActiveCfg = Debug|Any CPU
		{C9D2CDC0-F8CD-4FEC-96B9-CED6FEB5268B}.Debug|Any CPU.Build.0 = Debug|Any CPU
		{C9D2CDC0-F8CD-4FEC-96B9-CED6FEB5268B}.Debug|x64.ActiveCfg = Debug|Any CPU
		{C9D2CDC0-F8CD-4FEC-96B9-CED6FEB5268B}.Debug|x64.Build.0 = Debug|Any CPU
		{C9D2CDC0-F8CD-4FEC-96B9-CED6FEB5268B}.Debug|x86.ActiveCfg = Debug|Any CPU
		{C9D2CDC0-F8CD-4FEC-96B9-CED6FEB5268B}.Debug|x86.Build.0 = Debug|Any CPU
		{C9D2CDC0-F8CD-4FEC-96B9-CED6FEB5268B}.Release|Any CPU.ActiveCfg = Release|Any CPU
		{C9D2CDC0-F8CD-4FEC-96B9-CED6FEB5268B}.Release|Any CPU.Build.0 = Release|Any CPU
		{C9D2CDC0-F8CD-4FEC-96B9-CED6FEB5268B}.Release|x64.ActiveCfg = Release|Any CPU
		{C9D2CDC0-F8CD-4FEC-96B9-CED6FEB5268B}.Release|x64.Build.0 = Release|Any CPU
		{C9D2CDC0-F8CD-4FEC-96B9-CED6FEB5268B}.Release|x86.ActiveCfg = Release|Any CPU
		{C9D2CDC0-F8CD-4FEC-96B9-CED6FEB5268B}.Release|x86.Build.0 = Release|Any CPU
		{7F9CF3B8-E20E-42CC-B7ED-9B431DA32020}.Debug|Any CPU.ActiveCfg = Debug|Any CPU
		{7F9CF3B8-E20E-42CC-B7ED-9B431DA32020}.Debug|Any CPU.Build.0 = Debug|Any CPU
		{7F9CF3B8-E20E-42CC-B7ED-9B431DA32020}.Debug|x64.ActiveCfg = Debug|Any CPU
		{7F9CF3B8-E20E-42CC-B7ED-9B431DA32020}.Debug|x64.Build.0 = Debug|Any CPU
		{7F9CF3B8-E20E-42CC-B7ED-9B431DA32020}.Debug|x86.ActiveCfg = Debug|Any CPU
		{7F9CF3B8-E20E-42CC-B7ED-9B431DA32020}.Debug|x86.Build.0 = Debug|Any CPU
		{7F9CF3B8-E20E-42CC-B7ED-9B431DA32020}.Release|Any CPU.ActiveCfg = Release|Any CPU
		{7F9CF3B8-E20E-42CC-B7ED-9B431DA32020}.Release|Any CPU.Build.0 = Release|Any CPU
		{7F9CF3B8-E20E-42CC-B7ED-9B431DA32020}.Release|x64.ActiveCfg = Release|Any CPU
		{7F9CF3B8-E20E-42CC-B7ED-9B431DA32020}.Release|x64.Build.0 = Release|Any CPU
		{7F9CF3B8-E20E-42CC-B7ED-9B431DA32020}.Release|x86.ActiveCfg = Release|Any CPU
		{7F9CF3B8-E20E-42CC-B7ED-9B431DA32020}.Release|x86.Build.0 = Release|Any CPU
	EndGlobalSection
	GlobalSection(SolutionProperties) = preSolution
		HideSolutionNode = FALSE
	EndGlobalSection
	GlobalSection(NestedProjects) = preSolution
		{B383954C-3243-42DD-A80A-78DEB549AED1} = {827E0CD3-B72D-47B6-A68D-7590B98EB39B}
		{16722B27-FB93-424D-9C3E-418647EFF3D0} = {827E0CD3-B72D-47B6-A68D-7590B98EB39B}
		{EDE18C8A-8395-4C37-B1A1-30236BD55D32} = {827E0CD3-B72D-47B6-A68D-7590B98EB39B}
		{C9D2CDC0-F8CD-4FEC-96B9-CED6FEB5268B} = {827E0CD3-B72D-47B6-A68D-7590B98EB39B}
		{7F9CF3B8-E20E-42CC-B7ED-9B431DA32020} = {827E0CD3-B72D-47B6-A68D-7590B98EB39B}
	EndGlobalSection
EndGlobal
